
Microsoft Visual Studio Solution File, Format Version 12.00
# Visual Studio Version 16
VisualStudioVersion = 16.0.29424.173
MinimumVisualStudioVersion = 10.0.40219.1
Project("{2150E333-8FDC-42A3-9474-1A3956D46DE8}") = "_", "_", "{8C2A9944-2A43-46D3-A347-0173698876BD}"
	ProjectSection(SolutionItems) = preProject
		.gitignore = .gitignore
		azure-pipelines.yml = azure-pipelines.yml
		CODE_OF_CONDUCT.md = CODE_OF_CONDUCT.md
		CONTRIBUTING.md = CONTRIBUTING.md
		docker-compose.yml = docker-compose.yml
		GitVersion.yml = GitVersion.yml
		LICENSE = LICENSE
		README.md = README.md
	EndProjectSection
EndProject
Project("{2150E333-8FDC-42A3-9474-1A3956D46DE8}") = "Build", "Build", "{6EF45D1E-5322-4EF3-849F-ADF6C1246F2B}"
	ProjectSection(SolutionItems) = preProject
		Build\build.cake = Build\build.cake
		Build\build.ps1 = Build\build.ps1
	EndProjectSection
EndProject
Project("{2150E333-8FDC-42A3-9474-1A3956D46DE8}") = "Source", "Source", "{35A764FB-8948-4DFB-9FE9-7C499130F106}"
EndProject
Project("{2150E333-8FDC-42A3-9474-1A3956D46DE8}") = "Shared", "Shared", "{76E85797-69B2-45B2-A8EA-2B2E6A9CE3BC}"
EndProject
Project("{2150E333-8FDC-42A3-9474-1A3956D46DE8}") = "Tests", "Tests", "{DD75259E-F95D-424C-9474-67FDA4B100EA}"
EndProject
Project("{D954291E-2A0B-460D-934E-DC6B0785DB48}") = "Initium.Portal.Shared", "Shared\Initium.Portal.Shared\Initium.Portal.Shared.shproj", "{76B216E2-126D-4A1C-B7F7-94E78ADC2F7C}"
EndProject
Project("{9A19103F-16F7-4668-BE54-9A1E7A4F7556}") = "Initium.Portal.Core", "Source\Initium.Portal.Core\Initium.Portal.Core.csproj", "{6E2156C6-9ECA-42DE-9E71-0FC34D26C71C}"
EndProject
Project("{9A19103F-16F7-4668-BE54-9A1E7A4F7556}") = "Initium.Portal.Domain", "Source\Initium.Portal.Domain\Initium.Portal.Domain.csproj", "{3AC2B2C3-2DC6-46E4-8F6E-3FB3CBACC971}"
EndProject
Project("{9A19103F-16F7-4668-BE54-9A1E7A4F7556}") = "Initium.Portal.Queries", "Source\Initium.Portal.Queries\Initium.Portal.Queries.csproj", "{B7F5ACDA-266E-4849-9D0F-7A9FC5C718E7}"
EndProject
Project("{9A19103F-16F7-4668-BE54-9A1E7A4F7556}") = "Initium.Portal.Web", "Source\Initium.Portal.Web\Initium.Portal.Web.csproj", "{118DDE70-B2CD-4114-AD23-D23E053F3B05}"
EndProject
Project("{9A19103F-16F7-4668-BE54-9A1E7A4F7556}") = "Initium.Portal.Tests", "Tests\Initium.Portal.Tests\Initium.Portal.Tests.csproj", "{F2149164-CC5E-4AF4-9E85-1BF0CC9694EE}"
EndProject
Project("{9A19103F-16F7-4668-BE54-9A1E7A4F7556}") = "Initium.Portal.Infrastructure", "Source\Initium.Portal.Infrastructure\Initium.Portal.Infrastructure.csproj", "{6AA67298-04B7-45F2-B0A2-BBA5B7AB7D4E}"
EndProject
Project("{2150E333-8FDC-42A3-9474-1A3956D46DE8}") = "Data", "Data", "{523A69A7-75D3-4BC1-A9C3-D77D1B8FF0C3}"
EndProject
Project("{00D1A9C2-B5F0-4AF3-8072-F6C62B433612}") = "Initium.Portal.Data", "Data\Initium.Portal.Data\Initium.Portal.Data.sqlproj", "{F535BA2F-1FB9-4099-BE05-CF7982188838}"
EndProject
Project("{2150E333-8FDC-42A3-9474-1A3956D46DE8}") = "Resources", "Resources", "{ABD468EC-BAB0-4BDD-A3DB-94CC4D088473}"
	ProjectSection(SolutionItems) = preProject
		Resources\cert-gen.ps1 = Resources\cert-gen.ps1
	EndProjectSection
EndProject
Global
	GlobalSection(SharedMSBuildProjectFiles) = preSolution
		Shared\Initium.Portal.Shared\Initium.Portal.Shared.projitems*{118dde70-b2cd-4114-ad23-d23e053f3b05}*SharedItemsImports = 5
		Shared\Initium.Portal.Shared\Initium.Portal.Shared.projitems*{3ac2b2c3-2dc6-46e4-8f6e-3fb3cbacc971}*SharedItemsImports = 5
		Shared\Initium.Portal.Shared\Initium.Portal.Shared.projitems*{6aa67298-04b7-45f2-b0a2-bba5b7ab7d4e}*SharedItemsImports = 5
		Shared\Initium.Portal.Shared\Initium.Portal.Shared.projitems*{6e2156c6-9eca-42de-9e71-0fc34d26c71c}*SharedItemsImports = 5
		Shared\Initium.Portal.Shared\Initium.Portal.Shared.projitems*{b7f5acda-266e-4849-9d0f-7a9fc5c718e7}*SharedItemsImports = 5
		Shared\Initium.Portal.Shared\Initium.Portal.Shared.projitems*{f2149164-cc5e-4af4-9e85-1bf0cc9694ee}*SharedItemsImports = 5
	EndGlobalSection
	GlobalSection(SolutionConfigurationPlatforms) = preSolution
		Database|Any CPU = Database|Any CPU
		Debug|Any CPU = Debug|Any CPU
		Release|Any CPU = Release|Any CPU
	EndGlobalSection
	GlobalSection(ProjectConfigurationPlatforms) = postSolution
		{6E2156C6-9ECA-42DE-9E71-0FC34D26C71C}.Database|Any CPU.ActiveCfg = Release|Any CPU
		{6E2156C6-9ECA-42DE-9E71-0FC34D26C71C}.Debug|Any CPU.ActiveCfg = Debug|Any CPU
		{6E2156C6-9ECA-42DE-9E71-0FC34D26C71C}.Debug|Any CPU.Build.0 = Debug|Any CPU
		{6E2156C6-9ECA-42DE-9E71-0FC34D26C71C}.Release|Any CPU.ActiveCfg = Release|Any CPU
		{6E2156C6-9ECA-42DE-9E71-0FC34D26C71C}.Release|Any CPU.Build.0 = Release|Any CPU
		{3AC2B2C3-2DC6-46E4-8F6E-3FB3CBACC971}.Database|Any CPU.ActiveCfg = Release|Any CPU
		{3AC2B2C3-2DC6-46E4-8F6E-3FB3CBACC971}.Debug|Any CPU.ActiveCfg = Debug|Any CPU
		{3AC2B2C3-2DC6-46E4-8F6E-3FB3CBACC971}.Debug|Any CPU.Build.0 = Debug|Any CPU
		{3AC2B2C3-2DC6-46E4-8F6E-3FB3CBACC971}.Release|Any CPU.ActiveCfg = Release|Any CPU
		{3AC2B2C3-2DC6-46E4-8F6E-3FB3CBACC971}.Release|Any CPU.Build.0 = Release|Any CPU
		{B7F5ACDA-266E-4849-9D0F-7A9FC5C718E7}.Database|Any CPU.ActiveCfg = Release|Any CPU
		{B7F5ACDA-266E-4849-9D0F-7A9FC5C718E7}.Debug|Any CPU.ActiveCfg = Debug|Any CPU
		{B7F5ACDA-266E-4849-9D0F-7A9FC5C718E7}.Debug|Any CPU.Build.0 = Debug|Any CPU
		{B7F5ACDA-266E-4849-9D0F-7A9FC5C718E7}.Release|Any CPU.ActiveCfg = Release|Any CPU
		{B7F5ACDA-266E-4849-9D0F-7A9FC5C718E7}.Release|Any CPU.Build.0 = Release|Any CPU
		{118DDE70-B2CD-4114-AD23-D23E053F3B05}.Database|Any CPU.ActiveCfg = Release|Any CPU
		{118DDE70-B2CD-4114-AD23-D23E053F3B05}.Debug|Any CPU.ActiveCfg = Debug|Any CPU
		{118DDE70-B2CD-4114-AD23-D23E053F3B05}.Debug|Any CPU.Build.0 = Debug|Any CPU
		{118DDE70-B2CD-4114-AD23-D23E053F3B05}.Release|Any CPU.ActiveCfg = Release|Any CPU
		{118DDE70-B2CD-4114-AD23-D23E053F3B05}.Release|Any CPU.Build.0 = Release|Any CPU
		{F2149164-CC5E-4AF4-9E85-1BF0CC9694EE}.Database|Any CPU.ActiveCfg = Release|Any CPU
		{F2149164-CC5E-4AF4-9E85-1BF0CC9694EE}.Debug|Any CPU.ActiveCfg = Debug|Any CPU
		{F2149164-CC5E-4AF4-9E85-1BF0CC9694EE}.Debug|Any CPU.Build.0 = Debug|Any CPU
		{F2149164-CC5E-4AF4-9E85-1BF0CC9694EE}.Release|Any CPU.ActiveCfg = Release|Any CPU
		{F2149164-CC5E-4AF4-9E85-1BF0CC9694EE}.Release|Any CPU.Build.0 = Release|Any CPU
		{6AA67298-04B7-45F2-B0A2-BBA5B7AB7D4E}.Database|Any CPU.ActiveCfg = Release|Any CPU
		{6AA67298-04B7-45F2-B0A2-BBA5B7AB7D4E}.Debug|Any CPU.ActiveCfg = Debug|Any CPU
		{6AA67298-04B7-45F2-B0A2-BBA5B7AB7D4E}.Debug|Any CPU.Build.0 = Debug|Any CPU
		{6AA67298-04B7-45F2-B0A2-BBA5B7AB7D4E}.Release|Any CPU.ActiveCfg = Release|Any CPU
		{6AA67298-04B7-45F2-B0A2-BBA5B7AB7D4E}.Release|Any CPU.Build.0 = Release|Any CPU
		{F535BA2F-1FB9-4099-BE05-CF7982188838}.Database|Any CPU.ActiveCfg = Debug|Any CPU
		{F535BA2F-1FB9-4099-BE05-CF7982188838}.Database|Any CPU.Build.0 = Debug|Any CPU
		{F535BA2F-1FB9-4099-BE05-CF7982188838}.Database|Any CPU.Deploy.0 = Debug|Any CPU
		{F535BA2F-1FB9-4099-BE05-CF7982188838}.Debug|Any CPU.ActiveCfg = Debug|Any CPU
		{F535BA2F-1FB9-4099-BE05-CF7982188838}.Debug|Any CPU.Deploy.0 = Debug|Any CPU
		{F535BA2F-1FB9-4099-BE05-CF7982188838}.Release|Any CPU.ActiveCfg = Release|Any CPU
		{F535BA2F-1FB9-4099-BE05-CF7982188838}.Release|Any CPU.Deploy.0 = Release|Any CPU
	EndGlobalSection
	GlobalSection(SolutionProperties) = preSolution
		HideSolutionNode = FALSE
	EndGlobalSection
	GlobalSection(NestedProjects) = preSolution
		{76B216E2-126D-4A1C-B7F7-94E78ADC2F7C} = {76E85797-69B2-45B2-A8EA-2B2E6A9CE3BC}
		{6E2156C6-9ECA-42DE-9E71-0FC34D26C71C} = {35A764FB-8948-4DFB-9FE9-7C499130F106}
		{3AC2B2C3-2DC6-46E4-8F6E-3FB3CBACC971} = {35A764FB-8948-4DFB-9FE9-7C499130F106}
		{B7F5ACDA-266E-4849-9D0F-7A9FC5C718E7} = {35A764FB-8948-4DFB-9FE9-7C499130F106}
		{118DDE70-B2CD-4114-AD23-D23E053F3B05} = {35A764FB-8948-4DFB-9FE9-7C499130F106}
		{F2149164-CC5E-4AF4-9E85-1BF0CC9694EE} = {DD75259E-F95D-424C-9474-67FDA4B100EA}
		{6AA67298-04B7-45F2-B0A2-BBA5B7AB7D4E} = {35A764FB-8948-4DFB-9FE9-7C499130F106}
		{F535BA2F-1FB9-4099-BE05-CF7982188838} = {523A69A7-75D3-4BC1-A9C3-D77D1B8FF0C3}
	EndGlobalSection
	GlobalSection(ExtensibilityGlobals) = postSolution
		SolutionGuid = {0BA8A014-6B06-41AB-8A28-25A06E50A519}
	EndGlobalSection
EndGlobal
